PODS:
  - FBSnapshotTestCase (2.1.4):
    - FBSnapshotTestCase/SwiftSupport (= 2.1.4)
  - FBSnapshotTestCase/Core (2.1.4)
  - FBSnapshotTestCase/SwiftSupport (2.1.4):
    - FBSnapshotTestCase/Core
  - LaTeXMathjaxSwift (1.0.0)

DEPENDENCIES:
  - FBSnapshotTestCase (~> 2.1.4)
  - LaTeXMathjaxSwift (from `../`)

SPEC REPOS:
  trunk:
    - FBSnapshotTestCase

EXTERNAL SOURCES:
  LaTeXMathjaxSwift:
    :path: "../"

SPEC CHECKSUMS:
  FBSnapshotTestCase: 094f9f314decbabe373b87cc339bea235a63e07a
  LaTeXMathjaxSwift: 5a0d83e2e9255fe52077615dbc68df646c74d736

PODFILE CHECKSUM: 964faf5e95b2bfaf526d46a7280ad0010655035c

COCOAPODS: 1.15.2
